
Microsoft Visual Studio Solution File, Format Version 12.00
Project("{FAE04EC0-301F-11D3-BF4B-00C04F79EFBC}") = "Easy_26_RemoveDuplicatesFromSortedArray", "Easy_26_RemoveDuplicatesFromSortedArray\Easy_26_RemoveDuplicatesFromSortedArray.csproj", "{B0FF4A30-EBE8-4211-A579-85D11AF9CD03}"
EndProject
Project("{FAE04EC0-301F-11D3-BF4B-00C04F79EFBC}") = "Easy_169_MajorityElement", "Easy_169_MajorityElement\Easy_169_MajorityElement.csproj", "{D7157CCE-E4E5-434F-A6AE-8475B3EB1852}"
EndProject
Project("{FAE04EC0-301F-11D3-BF4B-00C04F79EFBC}") = "Easy_121_BestTimeToBuyAndSellStock", "Easy_121_BestTimeToBuyAndSellStock\Easy_121_BestTimeToBuyAndSellStock.csproj", "{F8173CA2-B6C5-4996-B930-90695F14EE0D}"
EndProject
Project("{FAE04EC0-301F-11D3-BF4B-00C04F79EFBC}") = "Easy_13_RomanToInteger", "Easy_13_RomanToInteger\Easy_13_RomanToInteger.csproj", "{622A93C2-24E7-42A0-95F8-EA3114B87D85}"
EndProject
Project("{FAE04EC0-301F-11D3-BF4B-00C04F79EFBC}") = "Easy_58_Length_Of_Last_Word", "Easy_58_Length_Of_Last_Word\Easy_58_Length_Of_Last_Word.csproj", "{49B08472-3A64-405D-81E6-7CBF017080F5}"
EndProject
Project("{FAE04EC0-301F-11D3-BF4B-00C04F79EFBC}") = "Easy_14_Longest_Common_Prefix", "Easy_14_Longest_Common_Prefix\Easy_14_Longest_Common_Prefix.csproj", "{B0DEB871-74D7-4ABA-BF0D-69E09CFB7C3E}"
EndProject
Project("{FAE04EC0-301F-11D3-BF4B-00C04F79EFBC}") = "Easy_28_Find_The_Index_Of_The_First_Occurrence_In_A_String", "Easy_28_Find_The_Index_Of_The_First_Occurrence_In_A_String\Easy_28_Find_The_Index_Of_The_First_Occurrence_In_A_String.csproj", "{711445A3-166D-479B-AFB6-7516B5E39AB8}"
EndProject
Project("{FAE04EC0-301F-11D3-BF4B-00C04F79EFBC}") = "Easy_20_Valid_Parentheses", "Easy_20_Valid_Parentheses\Easy_20_Valid_Parentheses.csproj", "{0D8FC2ED-E433-491C-8379-9756AE4AD8C3}"
EndProject
Project("{FAE04EC0-301F-11D3-BF4B-00C04F79EFBC}") = "Easy_125_Valid_Palindrome", "Easy_125_Valid_Palindrome\Easy_125_Valid_Palindrome.csproj", "{F56F3686-9C36-42F9-A29D-729E43312661}"
EndProject
Project("{FAE04EC0-301F-11D3-BF4B-00C04F79EFBC}") = "Easy_392_Is_Subsequence", "Easy_392_Is_Subsequence\Easy_392_Is_Subsequence.csproj", "{807AC483-9689-4E1B-95C9-5A2F2AFEEE95}"
EndProject
Project("{FAE04EC0-301F-11D3-BF4B-00C04F79EFBC}") = "Easy_383_Ransom Note", "Easy_383_Ransom Note\Easy_383_Ransom Note.csproj", "{317FD1E1-CE9E-4BF5-AA3B-E5670245AD3E}"
EndProject
Project("{FAE04EC0-301F-11D3-BF4B-00C04F79EFBC}") = "Easy_228_Summary_Ranges", "Easy_228_Summary_Ranges\Easy_228_Summary_Ranges.csproj", "{26919F02-AC5A-45CE-912C-DEFBF1A6A7AF}"
EndProject
Project("{FAE04EC0-301F-11D3-BF4B-00C04F79EFBC}") = "Easy_141_Linked_List_Cycle", "Easy_141_Linked_List_Cycle\Easy_141_Linked_List_Cycle.csproj", "{0345AD4D-098F-47A8-B552-1BE0EEF31893}"
EndProject
Project("{FAE04EC0-301F-11D3-BF4B-00C04F79EFBC}") = "Easy_104_Maximum_Depth_of_Binary_Tree", "Easy_104_Maximum_Depth_of_Binary_Tree\Easy_104_Maximum_Depth_of_Binary_Tree.csproj", "{98AF1F8A-2594-47E8-931A-4DE41D3B4A3C}"
EndProject
Project("{FAE04EC0-301F-11D3-BF4B-00C04F79EFBC}") = "Easy_21_Merge_Two_Sorted_Lists", "Easy_21_Merge_Two_Sorted_Lists\Easy_21_Merge_Two_Sorted_Lists.csproj", "{8F7BD4B6-E0CC-4E92-8ECA-057DD5A995FB}"
EndProject
Project("{FAE04EC0-301F-11D3-BF4B-00C04F79EFBC}") = "Easy_100_Same_Tree", "Easy_100_Same_Tree\Easy_100_Same_Tree.csproj", "{F8F69DF2-AC33-43D1-B6A3-A8232C08ED8B}"
EndProject
Project("{FAE04EC0-301F-11D3-BF4B-00C04F79EFBC}") = "Medium_80_Remove_Duplicates_From_Sorted_ArrayII", "Medium_80_Remove_Duplicates_From_Sorted_ArrayII\Medium_80_Remove_Duplicates_From_Sorted_ArrayII.csproj", "{9F820A90-3709-49B3-B353-DDB358547088}"
EndProject
Project("{FAE04EC0-301F-11D3-BF4B-00C04F79EFBC}") = "Easy_70_Climbing_Stairs", "Easy_70_Climbing_Stairs\Easy_70_Climbing_Stairs.csproj", "{8ECC1E0D-463E-4F30-80D6-1C439D94AC0B}"
EndProject
Project("{FAE04EC0-301F-11D3-BF4B-00C04F79EFBC}") = "Easy_67_Add_Binary", "Easy_67_Add_Binary\Easy_67_Add_Binary.csproj", "{FBD9063C-5D99-497D-9840-15FCE04ADEA6}"
EndProject
Project("{FAE04EC0-301F-11D3-BF4B-00C04F79EFBC}") = "Easy_ 66_Plus_One", "Easy_ 66_Plus_One\Easy_ 66_Plus_One.csproj", "{D764EA5D-27AC-4DC2-9E05-A6ACA171010B}"
EndProject
Global
	GlobalSection(SolutionConfigurationPlatforms) = preSolution
		Debug|Any CPU = Debug|Any CPU
		Release|Any CPU = Release|Any CPU
	EndGlobalSection
	GlobalSection(ProjectConfigurationPlatforms) = postSolution
		{B0FF4A30-EBE8-4211-A579-85D11AF9CD03}.Debug|Any CPU.ActiveCfg = Debug|Any CPU
		{B0FF4A30-EBE8-4211-A579-85D11AF9CD03}.Debug|Any CPU.Build.0 = Debug|Any CPU
		{B0FF4A30-EBE8-4211-A579-85D11AF9CD03}.Release|Any CPU.ActiveCfg = Release|Any CPU
		{B0FF4A30-EBE8-4211-A579-85D11AF9CD03}.Release|Any CPU.Build.0 = Release|Any CPU
		{D7157CCE-E4E5-434F-A6AE-8475B3EB1852}.Debug|Any CPU.ActiveCfg = Debug|Any CPU
		{D7157CCE-E4E5-434F-A6AE-8475B3EB1852}.Debug|Any CPU.Build.0 = Debug|Any CPU
		{D7157CCE-E4E5-434F-A6AE-8475B3EB1852}.Release|Any CPU.ActiveCfg = Release|Any CPU
		{D7157CCE-E4E5-434F-A6AE-8475B3EB1852}.Release|Any CPU.Build.0 = Release|Any CPU
		{F8173CA2-B6C5-4996-B930-90695F14EE0D}.Debug|Any CPU.ActiveCfg = Debug|Any CPU
		{F8173CA2-B6C5-4996-B930-90695F14EE0D}.Debug|Any CPU.Build.0 = Debug|Any CPU
		{F8173CA2-B6C5-4996-B930-90695F14EE0D}.Release|Any CPU.ActiveCfg = Release|Any CPU
		{F8173CA2-B6C5-4996-B930-90695F14EE0D}.Release|Any CPU.Build.0 = Release|Any CPU
		{622A93C2-24E7-42A0-95F8-EA3114B87D85}.Debug|Any CPU.ActiveCfg = Debug|Any CPU
		{622A93C2-24E7-42A0-95F8-EA3114B87D85}.Debug|Any CPU.Build.0 = Debug|Any CPU
		{622A93C2-24E7-42A0-95F8-EA3114B87D85}.Release|Any CPU.ActiveCfg = Release|Any CPU
		{622A93C2-24E7-42A0-95F8-EA3114B87D85}.Release|Any CPU.Build.0 = Release|Any CPU
		{49B08472-3A64-405D-81E6-7CBF017080F5}.Debug|Any CPU.ActiveCfg = Debug|Any CPU
		{49B08472-3A64-405D-81E6-7CBF017080F5}.Debug|Any CPU.Build.0 = Debug|Any CPU
		{49B08472-3A64-405D-81E6-7CBF017080F5}.Release|Any CPU.ActiveCfg = Release|Any CPU
		{49B08472-3A64-405D-81E6-7CBF017080F5}.Release|Any CPU.Build.0 = Release|Any CPU
		{B0DEB871-74D7-4ABA-BF0D-69E09CFB7C3E}.Debug|Any CPU.ActiveCfg = Debug|Any CPU
		{B0DEB871-74D7-4ABA-BF0D-69E09CFB7C3E}.Debug|Any CPU.Build.0 = Debug|Any CPU
		{B0DEB871-74D7-4ABA-BF0D-69E09CFB7C3E}.Release|Any CPU.ActiveCfg = Release|Any CPU
		{B0DEB871-74D7-4ABA-BF0D-69E09CFB7C3E}.Release|Any CPU.Build.0 = Release|Any CPU
		{711445A3-166D-479B-AFB6-7516B5E39AB8}.Debug|Any CPU.ActiveCfg = Debug|Any CPU
		{711445A3-166D-479B-AFB6-7516B5E39AB8}.Debug|Any CPU.Build.0 = Debug|Any CPU
		{711445A3-166D-479B-AFB6-7516B5E39AB8}.Release|Any CPU.ActiveCfg = Release|Any CPU
		{711445A3-166D-479B-AFB6-7516B5E39AB8}.Release|Any CPU.Build.0 = Release|Any CPU
		{0D8FC2ED-E433-491C-8379-9756AE4AD8C3}.Debug|Any CPU.ActiveCfg = Debug|Any CPU
		{0D8FC2ED-E433-491C-8379-9756AE4AD8C3}.Debug|Any CPU.Build.0 = Debug|Any CPU
		{0D8FC2ED-E433-491C-8379-9756AE4AD8C3}.Release|Any CPU.ActiveCfg = Release|Any CPU
		{0D8FC2ED-E433-491C-8379-9756AE4AD8C3}.Release|Any CPU.Build.0 = Release|Any CPU
		{F56F3686-9C36-42F9-A29D-729E43312661}.Debug|Any CPU.ActiveCfg = Debug|Any CPU
		{F56F3686-9C36-42F9-A29D-729E43312661}.Debug|Any CPU.Build.0 = Debug|Any CPU
		{F56F3686-9C36-42F9-A29D-729E43312661}.Release|Any CPU.ActiveCfg = Release|Any CPU
		{F56F3686-9C36-42F9-A29D-729E43312661}.Release|Any CPU.Build.0 = Release|Any CPU
		{807AC483-9689-4E1B-95C9-5A2F2AFEEE95}.Debug|Any CPU.ActiveCfg = Debug|Any CPU
		{807AC483-9689-4E1B-95C9-5A2F2AFEEE95}.Debug|Any CPU.Build.0 = Debug|Any CPU
		{807AC483-9689-4E1B-95C9-5A2F2AFEEE95}.Release|Any CPU.ActiveCfg = Release|Any CPU
		{807AC483-9689-4E1B-95C9-5A2F2AFEEE95}.Release|Any CPU.Build.0 = Release|Any CPU
		{317FD1E1-CE9E-4BF5-AA3B-E5670245AD3E}.Debug|Any CPU.ActiveCfg = Debug|Any CPU
		{317FD1E1-CE9E-4BF5-AA3B-E5670245AD3E}.Debug|Any CPU.Build.0 = Debug|Any CPU
		{317FD1E1-CE9E-4BF5-AA3B-E5670245AD3E}.Release|Any CPU.ActiveCfg = Release|Any CPU
		{317FD1E1-CE9E-4BF5-AA3B-E5670245AD3E}.Release|Any CPU.Build.0 = Release|Any CPU
		{26919F02-AC5A-45CE-912C-DEFBF1A6A7AF}.Debug|Any CPU.ActiveCfg = Debug|Any CPU
		{26919F02-AC5A-45CE-912C-DEFBF1A6A7AF}.Debug|Any CPU.Build.0 = Debug|Any CPU
		{26919F02-AC5A-45CE-912C-DEFBF1A6A7AF}.Release|Any CPU.ActiveCfg = Release|Any CPU
		{26919F02-AC5A-45CE-912C-DEFBF1A6A7AF}.Release|Any CPU.Build.0 = Release|Any CPU
		{0345AD4D-098F-47A8-B552-1BE0EEF31893}.Debug|Any CPU.ActiveCfg = Debug|Any CPU
		{0345AD4D-098F-47A8-B552-1BE0EEF31893}.Debug|Any CPU.Build.0 = Debug|Any CPU
		{0345AD4D-098F-47A8-B552-1BE0EEF31893}.Release|Any CPU.ActiveCfg = Release|Any CPU
		{0345AD4D-098F-47A8-B552-1BE0EEF31893}.Release|Any CPU.Build.0 = Release|Any CPU
		{98AF1F8A-2594-47E8-931A-4DE41D3B4A3C}.Debug|Any CPU.ActiveCfg = Debug|Any CPU
		{98AF1F8A-2594-47E8-931A-4DE41D3B4A3C}.Debug|Any CPU.Build.0 = Debug|Any CPU
		{98AF1F8A-2594-47E8-931A-4DE41D3B4A3C}.Release|Any CPU.ActiveCfg = Release|Any CPU
		{98AF1F8A-2594-47E8-931A-4DE41D3B4A3C}.Release|Any CPU.Build.0 = Release|Any CPU
		{8F7BD4B6-E0CC-4E92-8ECA-057DD5A995FB}.Debug|Any CPU.ActiveCfg = Debug|Any CPU
		{8F7BD4B6-E0CC-4E92-8ECA-057DD5A995FB}.Debug|Any CPU.Build.0 = Debug|Any CPU
		{8F7BD4B6-E0CC-4E92-8ECA-057DD5A995FB}.Release|Any CPU.ActiveCfg = Release|Any CPU
		{8F7BD4B6-E0CC-4E92-8ECA-057DD5A995FB}.Release|Any CPU.Build.0 = Release|Any CPU
		{F8F69DF2-AC33-43D1-B6A3-A8232C08ED8B}.Debug|Any CPU.ActiveCfg = Debug|Any CPU
		{F8F69DF2-AC33-43D1-B6A3-A8232C08ED8B}.Debug|Any CPU.Build.0 = Debug|Any CPU
		{F8F69DF2-AC33-43D1-B6A3-A8232C08ED8B}.Release|Any CPU.ActiveCfg = Release|Any CPU
		{F8F69DF2-AC33-43D1-B6A3-A8232C08ED8B}.Release|Any CPU.Build.0 = Release|Any CPU
		{9F820A90-3709-49B3-B353-DDB358547088}.Debug|Any CPU.ActiveCfg = Debug|Any CPU
		{9F820A90-3709-49B3-B353-DDB358547088}.Debug|Any CPU.Build.0 = Debug|Any CPU
		{9F820A90-3709-49B3-B353-DDB358547088}.Release|Any CPU.ActiveCfg = Release|Any CPU
		{9F820A90-3709-49B3-B353-DDB358547088}.Release|Any CPU.Build.0 = Release|Any CPU
		{8ECC1E0D-463E-4F30-80D6-1C439D94AC0B}.Debug|Any CPU.ActiveCfg = Debug|Any CPU
		{8ECC1E0D-463E-4F30-80D6-1C439D94AC0B}.Debug|Any CPU.Build.0 = Debug|Any CPU
		{8ECC1E0D-463E-4F30-80D6-1C439D94AC0B}.Release|Any CPU.ActiveCfg = Release|Any CPU
		{8ECC1E0D-463E-4F30-80D6-1C439D94AC0B}.Release|Any CPU.Build.0 = Release|Any CPU
		{FBD9063C-5D99-497D-9840-15FCE04ADEA6}.Debug|Any CPU.ActiveCfg = Debug|Any CPU
		{FBD9063C-5D99-497D-9840-15FCE04ADEA6}.Debug|Any CPU.Build.0 = Debug|Any CPU
		{FBD9063C-5D99-497D-9840-15FCE04ADEA6}.Release|Any CPU.ActiveCfg = Release|Any CPU
		{FBD9063C-5D99-497D-9840-15FCE04ADEA6}.Release|Any CPU.Build.0 = Release|Any CPU
		{D764EA5D-27AC-4DC2-9E05-A6ACA171010B}.Debug|Any CPU.ActiveCfg = Debug|Any CPU
		{D764EA5D-27AC-4DC2-9E05-A6ACA171010B}.Debug|Any CPU.Build.0 = Debug|Any CPU
		{D764EA5D-27AC-4DC2-9E05-A6ACA171010B}.Release|Any CPU.ActiveCfg = Release|Any CPU
		{D764EA5D-27AC-4DC2-9E05-A6ACA171010B}.Release|Any CPU.Build.0 = Release|Any CPU
	EndGlobalSection
EndGlobal
