
Microsoft Visual Studio Solution File, Format Version 12.00
Project("{FAE04EC0-301F-11D3-BF4B-00C04F79EFBC}") = "Easy26_RemoveDuplicatesFromSortedArray", "Easy26_RemoveDuplicatesFromSortedArray\Easy26_RemoveDuplicatesFromSortedArray.csproj", "{B0FF4A30-EBE8-4211-A579-85D11AF9CD03}"
EndProject
Project("{FAE04EC0-301F-11D3-BF4B-00C04F79EFBC}") = "Easy169_MajorityElement", "Easy169_MajorityElement\Easy169_MajorityElement.csproj", "{D7157CCE-E4E5-434F-A6AE-8475B3EB1852}"
EndProject
Project("{FAE04EC0-301F-11D3-BF4B-00C04F79EFBC}") = "Easy121_BestTimeToBuyAndSellStock", "Easy121_BestTimeToBuyAndSellStock\Easy121_BestTimeToBuyAndSellStock.csproj", "{F8173CA2-B6C5-4996-B930-90695F14EE0D}"
EndProject
Project("{FAE04EC0-301F-11D3-BF4B-00C04F79EFBC}") = "Easy13_RomanToInteger", "Easy13_RomanToInteger\Easy13_RomanToInteger.csproj", "{622A93C2-24E7-42A0-95F8-EA3114B87D85}"
EndProject
Project("{FAE04EC0-301F-11D3-BF4B-00C04F79EFBC}") = "Easy58_LengthOfLastWord", "Easy58_LengthOfLastWord\Easy58_LengthOfLastWord.csproj", "{49B08472-3A64-405D-81E6-7CBF017080F5}"
EndProject
Project("{FAE04EC0-301F-11D3-BF4B-00C04F79EFBC}") = "Easy14_LongestCommonPrefix", "Easy14_LongestCommonPrefix\Easy14_LongestCommonPrefix.csproj", "{B0DEB871-74D7-4ABA-BF0D-69E09CFB7C3E}"
EndProject
Project("{FAE04EC0-301F-11D3-BF4B-00C04F79EFBC}") = "Easy28_FindTheIndexOfTheFirstOccurrenceInTheString", "Easy28_FindTheIndexOfTheFirstOccurrenceInTheString\Easy28_FindTheIndexOfTheFirstOccurrenceInTheString.csproj", "{711445A3-166D-479B-AFB6-7516B5E39AB8}"
EndProject
Project("{FAE04EC0-301F-11D3-BF4B-00C04F79EFBC}") = "Easy20_ValidParentheses", "Easy20_ValidParentheses\Easy20_ValidParentheses.csproj", "{0D8FC2ED-E433-491C-8379-9756AE4AD8C3}"
EndProject
Project("{FAE04EC0-301F-11D3-BF4B-00C04F79EFBC}") = "Easy125_ValidPalindrome", "Easy125_ValidPalindrome\Easy125_ValidPalindrome.csproj", "{F56F3686-9C36-42F9-A29D-729E43312661}"
EndProject
Project("{FAE04EC0-301F-11D3-BF4B-00C04F79EFBC}") = "Easy392_IsSubsequence", "Easy392_IsSubsequence\Easy392_IsSubsequence.csproj", "{807AC483-9689-4E1B-95C9-5A2F2AFEEE95}"
EndProject
Project("{FAE04EC0-301F-11D3-BF4B-00C04F79EFBC}") = "Easy383_RansomNote", "Easy383_RansomNote\Easy383_RansomNote.csproj", "{317FD1E1-CE9E-4BF5-AA3B-E5670245AD3E}"
EndProject
Project("{FAE04EC0-301F-11D3-BF4B-00C04F79EFBC}") = "Easy228_SummaryRanges", "Easy228_SummaryRanges\Easy228_SummaryRanges.csproj", "{26919F02-AC5A-45CE-912C-DEFBF1A6A7AF}"
EndProject
Project("{FAE04EC0-301F-11D3-BF4B-00C04F79EFBC}") = "Easy141_LinkedListCycle", "Easy141_LinkedListCycle\Easy141_LinkedListCycle.csproj", "{0345AD4D-098F-47A8-B552-1BE0EEF31893}"
EndProject
Project("{FAE04EC0-301F-11D3-BF4B-00C04F79EFBC}") = "Easy104_MaximumDepthOfBinaryTree", "Easy104_MaximumDepthOfBinaryTree\Easy104_MaximumDepthOfBinaryTree.csproj", "{98AF1F8A-2594-47E8-931A-4DE41D3B4A3C}"
EndProject
Project("{FAE04EC0-301F-11D3-BF4B-00C04F79EFBC}") = "Easy21_MergeTwoSortedLists", "Easy21_MergeTwoSortedLists\Easy21_MergeTwoSortedLists.csproj", "{8F7BD4B6-E0CC-4E92-8ECA-057DD5A995FB}"
EndProject
Project("{FAE04EC0-301F-11D3-BF4B-00C04F79EFBC}") = "Easy100_SameTree", "Easy100_SameTree\Easy100_SameTree.csproj", "{F8F69DF2-AC33-43D1-B6A3-A8232C08ED8B}"
EndProject
Project("{FAE04EC0-301F-11D3-BF4B-00C04F79EFBC}") = "Medium80_RemoveDuplicatesFromSortedArrayII", "Medium80_RemoveDuplicatesFromSortedArrayII\Medium80_RemoveDuplicatesFromSortedArrayII.csproj", "{9F820A90-3709-49B3-B353-DDB358547088}"
EndProject
Project("{FAE04EC0-301F-11D3-BF4B-00C04F79EFBC}") = "Easy70_ClimbingStairs", "Easy70_ClimbingStairs\Easy70_ClimbingStairs.csproj", "{8ECC1E0D-463E-4F30-80D6-1C439D94AC0B}"
EndProject
Project("{FAE04EC0-301F-11D3-BF4B-00C04F79EFBC}") = "Easy67_AddBinary", "Easy67_AddBinary\Easy67_AddBinary.csproj", "{FBD9063C-5D99-497D-9840-15FCE04ADEA6}"
EndProject
Project("{FAE04EC0-301F-11D3-BF4B-00C04F79EFBC}") = "Easy66_PlusOne", "Easy66_PlusOne\Easy66_PlusOne.csproj", "{D764EA5D-27AC-4DC2-9E05-A6ACA171010B}"
EndProject
Project("{FAE04EC0-301F-11D3-BF4B-00C04F79EFBC}") = "Easy35_SearchInsertPosition", "Easy35_SearchInsertPosition\Easy35_SearchInsertPosition.csproj", "{E8865ACA-DD03-4419-A546-A298139B141D}"
EndProject
Project("{FAE04EC0-301F-11D3-BF4B-00C04F79EFBC}") = "Medium209_MinimumSizeSubarraySum", "Medium209_MinimumSizeSubarraySum\Medium209_MinimumSizeSubarraySum.csproj", "{EEBFFD7C-A526-428A-95ED-B6F9F45AEC87}"
EndProject
Project("{FAE04EC0-301F-11D3-BF4B-00C04F79EFBC}") = "Easy9_PalindromeNumber", "Easy9_PalindromeNumber\Easy9_PalindromeNumber.csproj", "{3ECFB46F-9DF5-4158-8E46-8988AA826C1D}"
EndProject
Project("{FAE04EC0-301F-11D3-BF4B-00C04F79EFBC}") = "Easy1_TwoSum", "Easy1_TwoSum\Easy1_TwoSum.csproj", "{80A6480C-95B0-44C6-B44E-F6413B31BD21}"
EndProject
Project("{FAE04EC0-301F-11D3-BF4B-00C04F79EFBC}") = "Easy27_RemoveElement", "Easy27_RemoveElement\Easy27_RemoveElement.csproj", "{C7E688FD-F9CB-40BD-A309-C65F6DB27052}"
EndProject
Project("{2150E333-8FDC-42A3-9474-1A3956D46DE8}") = "Array", "Array", "{B3A98AAB-7E59-477E-9D52-CD6BAD71650C}"
EndProject
Project("{2150E333-8FDC-42A3-9474-1A3956D46DE8}") = "String", "String", "{ACCC1379-D450-4457-9494-628F0288C21F}"
EndProject
Project("{2150E333-8FDC-42A3-9474-1A3956D46DE8}") = "LinkedList", "LinkedList", "{6A83B5BD-E41D-478D-92CD-D33E8DD04A16}"
EndProject
Project("{2150E333-8FDC-42A3-9474-1A3956D46DE8}") = "Tree", "Tree", "{2748E219-5FEC-427A-8F2A-D728488E8DAC}"
EndProject
Project("{2150E333-8FDC-42A3-9474-1A3956D46DE8}") = "Math", "Math", "{830FCE3E-C298-45D5-A656-48F4648E4EFA}"
EndProject
Project("{FAE04EC0-301F-11D3-BF4B-00C04F79EFBC}") = "Easy88_MergeSortedArray", "Easy88_MergeSortedArray\Easy88_MergeSortedArray.csproj", "{4476AD60-9166-4C92-80AD-02D0CCED1B42}"
EndProject
Project("{FAE04EC0-301F-11D3-BF4B-00C04F79EFBC}") = "Easy290_WordPattern", "Easy290_WordPattern\Easy290_WordPattern.csproj", "{76EDF1BB-91A1-4E54-9854-978CEADA9F58}"
EndProject
Project("{FAE04EC0-301F-11D3-BF4B-00C04F79EFBC}") = "Medium_189_RotateArray", "Medium_189_RotateArray\Medium_189_RotateArray.csproj", "{770C123E-0562-47FE-AE2B-2D87A3EA34B8}"
EndProject
Global
	GlobalSection(SolutionConfigurationPlatforms) = preSolution
		Debug|Any CPU = Debug|Any CPU
		Release|Any CPU = Release|Any CPU
	EndGlobalSection
	GlobalSection(ProjectConfigurationPlatforms) = postSolution
		{B0FF4A30-EBE8-4211-A579-85D11AF9CD03}.Debug|Any CPU.ActiveCfg = Debug|Any CPU
		{B0FF4A30-EBE8-4211-A579-85D11AF9CD03}.Debug|Any CPU.Build.0 = Debug|Any CPU
		{B0FF4A30-EBE8-4211-A579-85D11AF9CD03}.Release|Any CPU.ActiveCfg = Release|Any CPU
		{B0FF4A30-EBE8-4211-A579-85D11AF9CD03}.Release|Any CPU.Build.0 = Release|Any CPU
		{D7157CCE-E4E5-434F-A6AE-8475B3EB1852}.Debug|Any CPU.ActiveCfg = Debug|Any CPU
		{D7157CCE-E4E5-434F-A6AE-8475B3EB1852}.Debug|Any CPU.Build.0 = Debug|Any CPU
		{D7157CCE-E4E5-434F-A6AE-8475B3EB1852}.Release|Any CPU.ActiveCfg = Release|Any CPU
		{D7157CCE-E4E5-434F-A6AE-8475B3EB1852}.Release|Any CPU.Build.0 = Release|Any CPU
		{F8173CA2-B6C5-4996-B930-90695F14EE0D}.Debug|Any CPU.ActiveCfg = Debug|Any CPU
		{F8173CA2-B6C5-4996-B930-90695F14EE0D}.Debug|Any CPU.Build.0 = Debug|Any CPU
		{F8173CA2-B6C5-4996-B930-90695F14EE0D}.Release|Any CPU.ActiveCfg = Release|Any CPU
		{F8173CA2-B6C5-4996-B930-90695F14EE0D}.Release|Any CPU.Build.0 = Release|Any CPU
		{622A93C2-24E7-42A0-95F8-EA3114B87D85}.Debug|Any CPU.ActiveCfg = Debug|Any CPU
		{622A93C2-24E7-42A0-95F8-EA3114B87D85}.Debug|Any CPU.Build.0 = Debug|Any CPU
		{622A93C2-24E7-42A0-95F8-EA3114B87D85}.Release|Any CPU.ActiveCfg = Release|Any CPU
		{622A93C2-24E7-42A0-95F8-EA3114B87D85}.Release|Any CPU.Build.0 = Release|Any CPU
		{49B08472-3A64-405D-81E6-7CBF017080F5}.Debug|Any CPU.ActiveCfg = Debug|Any CPU
		{49B08472-3A64-405D-81E6-7CBF017080F5}.Debug|Any CPU.Build.0 = Debug|Any CPU
		{49B08472-3A64-405D-81E6-7CBF017080F5}.Release|Any CPU.ActiveCfg = Release|Any CPU
		{49B08472-3A64-405D-81E6-7CBF017080F5}.Release|Any CPU.Build.0 = Release|Any CPU
		{B0DEB871-74D7-4ABA-BF0D-69E09CFB7C3E}.Debug|Any CPU.ActiveCfg = Debug|Any CPU
		{B0DEB871-74D7-4ABA-BF0D-69E09CFB7C3E}.Debug|Any CPU.Build.0 = Debug|Any CPU
		{B0DEB871-74D7-4ABA-BF0D-69E09CFB7C3E}.Release|Any CPU.ActiveCfg = Release|Any CPU
		{B0DEB871-74D7-4ABA-BF0D-69E09CFB7C3E}.Release|Any CPU.Build.0 = Release|Any CPU
		{711445A3-166D-479B-AFB6-7516B5E39AB8}.Debug|Any CPU.ActiveCfg = Debug|Any CPU
		{711445A3-166D-479B-AFB6-7516B5E39AB8}.Debug|Any CPU.Build.0 = Debug|Any CPU
		{711445A3-166D-479B-AFB6-7516B5E39AB8}.Release|Any CPU.ActiveCfg = Release|Any CPU
		{711445A3-166D-479B-AFB6-7516B5E39AB8}.Release|Any CPU.Build.0 = Release|Any CPU
		{0D8FC2ED-E433-491C-8379-9756AE4AD8C3}.Debug|Any CPU.ActiveCfg = Debug|Any CPU
		{0D8FC2ED-E433-491C-8379-9756AE4AD8C3}.Debug|Any CPU.Build.0 = Debug|Any CPU
		{0D8FC2ED-E433-491C-8379-9756AE4AD8C3}.Release|Any CPU.ActiveCfg = Release|Any CPU
		{0D8FC2ED-E433-491C-8379-9756AE4AD8C3}.Release|Any CPU.Build.0 = Release|Any CPU
		{F56F3686-9C36-42F9-A29D-729E43312661}.Debug|Any CPU.ActiveCfg = Debug|Any CPU
		{F56F3686-9C36-42F9-A29D-729E43312661}.Debug|Any CPU.Build.0 = Debug|Any CPU
		{F56F3686-9C36-42F9-A29D-729E43312661}.Release|Any CPU.ActiveCfg = Release|Any CPU
		{F56F3686-9C36-42F9-A29D-729E43312661}.Release|Any CPU.Build.0 = Release|Any CPU
		{807AC483-9689-4E1B-95C9-5A2F2AFEEE95}.Debug|Any CPU.ActiveCfg = Debug|Any CPU
		{807AC483-9689-4E1B-95C9-5A2F2AFEEE95}.Debug|Any CPU.Build.0 = Debug|Any CPU
		{807AC483-9689-4E1B-95C9-5A2F2AFEEE95}.Release|Any CPU.ActiveCfg = Release|Any CPU
		{807AC483-9689-4E1B-95C9-5A2F2AFEEE95}.Release|Any CPU.Build.0 = Release|Any CPU
		{317FD1E1-CE9E-4BF5-AA3B-E5670245AD3E}.Debug|Any CPU.ActiveCfg = Debug|Any CPU
		{317FD1E1-CE9E-4BF5-AA3B-E5670245AD3E}.Debug|Any CPU.Build.0 = Debug|Any CPU
		{317FD1E1-CE9E-4BF5-AA3B-E5670245AD3E}.Release|Any CPU.ActiveCfg = Release|Any CPU
		{317FD1E1-CE9E-4BF5-AA3B-E5670245AD3E}.Release|Any CPU.Build.0 = Release|Any CPU
		{26919F02-AC5A-45CE-912C-DEFBF1A6A7AF}.Debug|Any CPU.ActiveCfg = Debug|Any CPU
		{26919F02-AC5A-45CE-912C-DEFBF1A6A7AF}.Debug|Any CPU.Build.0 = Debug|Any CPU
		{26919F02-AC5A-45CE-912C-DEFBF1A6A7AF}.Release|Any CPU.ActiveCfg = Release|Any CPU
		{26919F02-AC5A-45CE-912C-DEFBF1A6A7AF}.Release|Any CPU.Build.0 = Release|Any CPU
		{0345AD4D-098F-47A8-B552-1BE0EEF31893}.Debug|Any CPU.ActiveCfg = Debug|Any CPU
		{0345AD4D-098F-47A8-B552-1BE0EEF31893}.Debug|Any CPU.Build.0 = Debug|Any CPU
		{0345AD4D-098F-47A8-B552-1BE0EEF31893}.Release|Any CPU.ActiveCfg = Release|Any CPU
		{0345AD4D-098F-47A8-B552-1BE0EEF31893}.Release|Any CPU.Build.0 = Release|Any CPU
		{98AF1F8A-2594-47E8-931A-4DE41D3B4A3C}.Debug|Any CPU.ActiveCfg = Debug|Any CPU
		{98AF1F8A-2594-47E8-931A-4DE41D3B4A3C}.Debug|Any CPU.Build.0 = Debug|Any CPU
		{98AF1F8A-2594-47E8-931A-4DE41D3B4A3C}.Release|Any CPU.ActiveCfg = Release|Any CPU
		{98AF1F8A-2594-47E8-931A-4DE41D3B4A3C}.Release|Any CPU.Build.0 = Release|Any CPU
		{8F7BD4B6-E0CC-4E92-8ECA-057DD5A995FB}.Debug|Any CPU.ActiveCfg = Debug|Any CPU
		{8F7BD4B6-E0CC-4E92-8ECA-057DD5A995FB}.Debug|Any CPU.Build.0 = Debug|Any CPU
		{8F7BD4B6-E0CC-4E92-8ECA-057DD5A995FB}.Release|Any CPU.ActiveCfg = Release|Any CPU
		{8F7BD4B6-E0CC-4E92-8ECA-057DD5A995FB}.Release|Any CPU.Build.0 = Release|Any CPU
		{F8F69DF2-AC33-43D1-B6A3-A8232C08ED8B}.Debug|Any CPU.ActiveCfg = Debug|Any CPU
		{F8F69DF2-AC33-43D1-B6A3-A8232C08ED8B}.Debug|Any CPU.Build.0 = Debug|Any CPU
		{F8F69DF2-AC33-43D1-B6A3-A8232C08ED8B}.Release|Any CPU.ActiveCfg = Release|Any CPU
		{F8F69DF2-AC33-43D1-B6A3-A8232C08ED8B}.Release|Any CPU.Build.0 = Release|Any CPU
		{9F820A90-3709-49B3-B353-DDB358547088}.Debug|Any CPU.ActiveCfg = Debug|Any CPU
		{9F820A90-3709-49B3-B353-DDB358547088}.Debug|Any CPU.Build.0 = Debug|Any CPU
		{9F820A90-3709-49B3-B353-DDB358547088}.Release|Any CPU.ActiveCfg = Release|Any CPU
		{9F820A90-3709-49B3-B353-DDB358547088}.Release|Any CPU.Build.0 = Release|Any CPU
		{8ECC1E0D-463E-4F30-80D6-1C439D94AC0B}.Debug|Any CPU.ActiveCfg = Debug|Any CPU
		{8ECC1E0D-463E-4F30-80D6-1C439D94AC0B}.Debug|Any CPU.Build.0 = Debug|Any CPU
		{8ECC1E0D-463E-4F30-80D6-1C439D94AC0B}.Release|Any CPU.ActiveCfg = Release|Any CPU
		{8ECC1E0D-463E-4F30-80D6-1C439D94AC0B}.Release|Any CPU.Build.0 = Release|Any CPU
		{FBD9063C-5D99-497D-9840-15FCE04ADEA6}.Debug|Any CPU.ActiveCfg = Debug|Any CPU
		{FBD9063C-5D99-497D-9840-15FCE04ADEA6}.Debug|Any CPU.Build.0 = Debug|Any CPU
		{FBD9063C-5D99-497D-9840-15FCE04ADEA6}.Release|Any CPU.ActiveCfg = Release|Any CPU
		{FBD9063C-5D99-497D-9840-15FCE04ADEA6}.Release|Any CPU.Build.0 = Release|Any CPU
		{D764EA5D-27AC-4DC2-9E05-A6ACA171010B}.Debug|Any CPU.ActiveCfg = Debug|Any CPU
		{D764EA5D-27AC-4DC2-9E05-A6ACA171010B}.Debug|Any CPU.Build.0 = Debug|Any CPU
		{D764EA5D-27AC-4DC2-9E05-A6ACA171010B}.Release|Any CPU.ActiveCfg = Release|Any CPU
		{D764EA5D-27AC-4DC2-9E05-A6ACA171010B}.Release|Any CPU.Build.0 = Release|Any CPU
		{E8865ACA-DD03-4419-A546-A298139B141D}.Debug|Any CPU.ActiveCfg = Debug|Any CPU
		{E8865ACA-DD03-4419-A546-A298139B141D}.Debug|Any CPU.Build.0 = Debug|Any CPU
		{E8865ACA-DD03-4419-A546-A298139B141D}.Release|Any CPU.ActiveCfg = Release|Any CPU
		{E8865ACA-DD03-4419-A546-A298139B141D}.Release|Any CPU.Build.0 = Release|Any CPU
		{EEBFFD7C-A526-428A-95ED-B6F9F45AEC87}.Debug|Any CPU.ActiveCfg = Debug|Any CPU
		{EEBFFD7C-A526-428A-95ED-B6F9F45AEC87}.Debug|Any CPU.Build.0 = Debug|Any CPU
		{EEBFFD7C-A526-428A-95ED-B6F9F45AEC87}.Release|Any CPU.ActiveCfg = Release|Any CPU
		{EEBFFD7C-A526-428A-95ED-B6F9F45AEC87}.Release|Any CPU.Build.0 = Release|Any CPU
		{3ECFB46F-9DF5-4158-8E46-8988AA826C1D}.Debug|Any CPU.ActiveCfg = Debug|Any CPU
		{3ECFB46F-9DF5-4158-8E46-8988AA826C1D}.Debug|Any CPU.Build.0 = Debug|Any CPU
		{3ECFB46F-9DF5-4158-8E46-8988AA826C1D}.Release|Any CPU.ActiveCfg = Release|Any CPU
		{3ECFB46F-9DF5-4158-8E46-8988AA826C1D}.Release|Any CPU.Build.0 = Release|Any CPU
		{80A6480C-95B0-44C6-B44E-F6413B31BD21}.Debug|Any CPU.ActiveCfg = Debug|Any CPU
		{80A6480C-95B0-44C6-B44E-F6413B31BD21}.Debug|Any CPU.Build.0 = Debug|Any CPU
		{80A6480C-95B0-44C6-B44E-F6413B31BD21}.Release|Any CPU.ActiveCfg = Release|Any CPU
		{80A6480C-95B0-44C6-B44E-F6413B31BD21}.Release|Any CPU.Build.0 = Release|Any CPU
		{C7E688FD-F9CB-40BD-A309-C65F6DB27052}.Debug|Any CPU.ActiveCfg = Debug|Any CPU
		{C7E688FD-F9CB-40BD-A309-C65F6DB27052}.Debug|Any CPU.Build.0 = Debug|Any CPU
		{C7E688FD-F9CB-40BD-A309-C65F6DB27052}.Release|Any CPU.ActiveCfg = Release|Any CPU
		{C7E688FD-F9CB-40BD-A309-C65F6DB27052}.Release|Any CPU.Build.0 = Release|Any CPU
		{4476AD60-9166-4C92-80AD-02D0CCED1B42}.Debug|Any CPU.ActiveCfg = Debug|Any CPU
		{4476AD60-9166-4C92-80AD-02D0CCED1B42}.Debug|Any CPU.Build.0 = Debug|Any CPU
		{4476AD60-9166-4C92-80AD-02D0CCED1B42}.Release|Any CPU.ActiveCfg = Release|Any CPU
		{4476AD60-9166-4C92-80AD-02D0CCED1B42}.Release|Any CPU.Build.0 = Release|Any CPU
		{76EDF1BB-91A1-4E54-9854-978CEADA9F58}.Debug|Any CPU.ActiveCfg = Debug|Any CPU
		{76EDF1BB-91A1-4E54-9854-978CEADA9F58}.Debug|Any CPU.Build.0 = Debug|Any CPU
		{76EDF1BB-91A1-4E54-9854-978CEADA9F58}.Release|Any CPU.ActiveCfg = Release|Any CPU
		{76EDF1BB-91A1-4E54-9854-978CEADA9F58}.Release|Any CPU.Build.0 = Release|Any CPU
		{770C123E-0562-47FE-AE2B-2D87A3EA34B8}.Debug|Any CPU.ActiveCfg = Debug|Any CPU
		{770C123E-0562-47FE-AE2B-2D87A3EA34B8}.Debug|Any CPU.Build.0 = Debug|Any CPU
		{770C123E-0562-47FE-AE2B-2D87A3EA34B8}.Release|Any CPU.ActiveCfg = Release|Any CPU
		{770C123E-0562-47FE-AE2B-2D87A3EA34B8}.Release|Any CPU.Build.0 = Release|Any CPU
	EndGlobalSection
	GlobalSection(NestedProjects) = preSolution
		{80A6480C-95B0-44C6-B44E-F6413B31BD21} = {B3A98AAB-7E59-477E-9D52-CD6BAD71650C}
		{C7E688FD-F9CB-40BD-A309-C65F6DB27052} = {B3A98AAB-7E59-477E-9D52-CD6BAD71650C}
		{B0FF4A30-EBE8-4211-A579-85D11AF9CD03} = {B3A98AAB-7E59-477E-9D52-CD6BAD71650C}
		{9F820A90-3709-49B3-B353-DDB358547088} = {B3A98AAB-7E59-477E-9D52-CD6BAD71650C}
		{F8173CA2-B6C5-4996-B930-90695F14EE0D} = {B3A98AAB-7E59-477E-9D52-CD6BAD71650C}
		{622A93C2-24E7-42A0-95F8-EA3114B87D85} = {ACCC1379-D450-4457-9494-628F0288C21F}
		{49B08472-3A64-405D-81E6-7CBF017080F5} = {ACCC1379-D450-4457-9494-628F0288C21F}
		{711445A3-166D-479B-AFB6-7516B5E39AB8} = {ACCC1379-D450-4457-9494-628F0288C21F}
		{B0DEB871-74D7-4ABA-BF0D-69E09CFB7C3E} = {ACCC1379-D450-4457-9494-628F0288C21F}
		{3ECFB46F-9DF5-4158-8E46-8988AA826C1D} = {ACCC1379-D450-4457-9494-628F0288C21F}
		{0D8FC2ED-E433-491C-8379-9756AE4AD8C3} = {ACCC1379-D450-4457-9494-628F0288C21F}
		{F56F3686-9C36-42F9-A29D-729E43312661} = {ACCC1379-D450-4457-9494-628F0288C21F}
		{317FD1E1-CE9E-4BF5-AA3B-E5670245AD3E} = {ACCC1379-D450-4457-9494-628F0288C21F}
		{807AC483-9689-4E1B-95C9-5A2F2AFEEE95} = {ACCC1379-D450-4457-9494-628F0288C21F}
		{8F7BD4B6-E0CC-4E92-8ECA-057DD5A995FB} = {6A83B5BD-E41D-478D-92CD-D33E8DD04A16}
		{0345AD4D-098F-47A8-B552-1BE0EEF31893} = {6A83B5BD-E41D-478D-92CD-D33E8DD04A16}
		{E8865ACA-DD03-4419-A546-A298139B141D} = {B3A98AAB-7E59-477E-9D52-CD6BAD71650C}
		{D764EA5D-27AC-4DC2-9E05-A6ACA171010B} = {B3A98AAB-7E59-477E-9D52-CD6BAD71650C}
		{D7157CCE-E4E5-434F-A6AE-8475B3EB1852} = {B3A98AAB-7E59-477E-9D52-CD6BAD71650C}
		{26919F02-AC5A-45CE-912C-DEFBF1A6A7AF} = {B3A98AAB-7E59-477E-9D52-CD6BAD71650C}
		{EEBFFD7C-A526-428A-95ED-B6F9F45AEC87} = {B3A98AAB-7E59-477E-9D52-CD6BAD71650C}
		{8ECC1E0D-463E-4F30-80D6-1C439D94AC0B} = {2748E219-5FEC-427A-8F2A-D728488E8DAC}
		{F8F69DF2-AC33-43D1-B6A3-A8232C08ED8B} = {2748E219-5FEC-427A-8F2A-D728488E8DAC}
		{98AF1F8A-2594-47E8-931A-4DE41D3B4A3C} = {2748E219-5FEC-427A-8F2A-D728488E8DAC}
		{FBD9063C-5D99-497D-9840-15FCE04ADEA6} = {830FCE3E-C298-45D5-A656-48F4648E4EFA}
		{4476AD60-9166-4C92-80AD-02D0CCED1B42} = {B3A98AAB-7E59-477E-9D52-CD6BAD71650C}
		{76EDF1BB-91A1-4E54-9854-978CEADA9F58} = {ACCC1379-D450-4457-9494-628F0288C21F}
		{770C123E-0562-47FE-AE2B-2D87A3EA34B8} = {B3A98AAB-7E59-477E-9D52-CD6BAD71650C}
	EndGlobalSection
EndGlobal
